// !$*UTF8*$!
{
	archiveVersion = 1;
	classes = {
	};
	objectVersion = 56;
	objects = {

/* Begin PBXBuildFile section */
		393FA1272A7E4BA900C39964 /* 屏幕录制2023-08-05 17.16.17.gif in Resources */ = {isa = PBXBuildFile; fileRef = 393FA1262A7E4BA900C39964 /* 屏幕录制2023-08-05 17.16.17.gif */; };
		393FA12B2A7E4C5A00C39964 /* README.md in Resources */ = {isa = PBXBuildFile; fileRef = 393FA12A2A7E4C5A00C39964 /* README.md */; };
		395330A62A7D74F60066F56F /* AppDelegate.swift in Sources */ = {isa = PBXBuildFile; fileRef = 395330A52A7D74F60066F56F /* AppDelegate.swift */; };
		395330A82A7D74F60066F56F /* SceneDelegate.swift in Sources */ = {isa = PBXBuildFile; fileRef = 395330A72A7D74F60066F56F /* SceneDelegate.swift */; };
		395330AA2A7D74F60066F56F /* ViewController.swift in Sources */ = {isa = PBXBuildFile; fileRef = 395330A92A7D74F60066F56F /* ViewController.swift */; };
		395330AD2A7D74F60066F56F /* Main.storyboard in Resources */ = {isa = PBXBuildFile; fileRef = 395330AB2A7D74F60066F56F /* Main.storyboard */; };
		395330AF2A7D74F60066F56F /* Assets.xcassets in Resources */ = {isa = PBXBuildFile; fileRef = 395330AE2A7D74F60066F56F /* Assets.xcassets */; };
		395330B22A7D74F60066F56F /* LaunchScreen.storyboard in Resources */ = {isa = PBXBuildFile; fileRef = 395330B02A7D74F60066F56F /* LaunchScreen.storyboard */; };
		395330BC2A7D75590066F56F /* MoreExtension.swift in Sources */ = {isa = PBXBuildFile; fileRef = 395330BB2A7D75590066F56F /* MoreExtension.swift */; };
		3994C7402A7D78B500156E0B /* HorizontalPickerView.swift in Sources */ = {isa = PBXBuildFile; fileRef = 3994C73F2A7D78B500156E0B /* HorizontalPickerView.swift */; };
/* End PBXBuildFile section */

/* Begin PBXFileReference section */
		393FA1262A7E4BA900C39964 /* 屏幕录制2023-08-05 17.16.17.gif */ = {isa = PBXFileReference; lastKnownFileType = image.gif; path = "屏幕录制2023-08-05 17.16.17.gif"; sourceTree = "<group>"; };
		393FA12A2A7E4C5A00C39964 /* README.md */ = {isa = PBXFileReference; fileEncoding = 4; lastKnownFileType = net.daringfireball.markdown; path = README.md; sourceTree = "<group>"; };
		395330A22A7D74F60066F56F /* ControlShow.app */ = {isa = PBXFileReference; explicitFileType = wrapper.application; includeInIndex = 0; path = ControlShow.app; sourceTree = BUILT_PRODUCTS_DIR; };
		395330A52A7D74F60066F56F /* AppDelegate.swift */ = {isa = PBXFileReference; lastKnownFileType = sourcecode.swift; path = AppDelegate.swift; sourceTree = "<group>"; };
		395330A72A7D74F60066F56F /* SceneDelegate.swift */ = {isa = PBXFileReference; lastKnownFileType = sourcecode.swift; path = SceneDelegate.swift; sourceTree = "<group>"; };
		395330A92A7D74F60066F56F /* ViewController.swift */ = {isa = PBXFileReference; lastKnownFileType = sourcecode.swift; path = ViewController.swift; sourceTree = "<group>"; };
		395330AC2A7D74F60066F56F /* Base */ = {isa = PBXFileReference; lastKnownFileType = file.storyboard; name = Base; path = Base.lproj/Main.storyboard; sourceTree = "<group>"; };
		395330AE2A7D74F60066F56F /* Assets.xcassets */ = {isa = PBXFileReference; lastKnownFileType = folder.assetcatalog; path = Assets.xcassets; sourceTree = "<group>"; };
		395330B12A7D74F60066F56F /* Base */ = {isa = PBXFileReference; lastKnownFileType = file.storyboard; name = Base; path = Base.lproj/LaunchScreen.storyboard; sourceTree = "<group>"; };
		395330B32A7D74F60066F56F /* Info.plist */ = {isa = PBXFileReference; lastKnownFileType = text.plist.xml; path = Info.plist; sourceTree = "<group>"; };
		395330BB2A7D75590066F56F /* MoreExtension.swift */ = {isa = PBXFileReference; fileEncoding = 4; lastKnownFileType = sourcecode.swift; path = MoreExtension.swift; sourceTree = "<group>"; };
		3994C73F2A7D78B500156E0B /* HorizontalPickerView.swift */ = {isa = PBXFileReference; fileEncoding = 4; lastKnownFileType = sourcecode.swift; path = HorizontalPickerView.swift; sourceTree = "<group>"; };
/* End PBXFileReference section */

/* Begin PBXFrameworksBuildPhase section */
		3953309F2A7D74F60066F56F /* Frameworks */ = {
			isa = PBXFrameworksBuildPhase;
			buildActionMask = 2147483647;
			files = (
			);
			runOnlyForDeploymentPostprocessing = 0;
		};
/* End PBXFrameworksBuildPhase section */

/* Begin PBXGroup section */
		393FA1242A7E480E00C39964 /* HorizontalPickerView */ = {
			isa = PBXGroup;
			children = (
				3994C73F2A7D78B500156E0B /* HorizontalPickerView.swift */,
				393FA12A2A7E4C5A00C39964 /* README.md */,
			);
			path = HorizontalPickerView;
			sourceTree = "<group>";
		};
		393FA1252A7E4B8D00C39964 /* Resource */ = {
			isa = PBXGroup;
			children = (
				393FA1262A7E4BA900C39964 /* 屏幕录制2023-08-05 17.16.17.gif */,
			);
			path = Resource;
			sourceTree = "<group>";
		};
		395330992A7D74F60066F56F = {
			isa = PBXGroup;
			children = (
				395330A42A7D74F60066F56F /* ControlShow */,
				395330A32A7D74F60066F56F /* Products */,
			);
			sourceTree = "<group>";
		};
		395330A32A7D74F60066F56F /* Products */ = {
			isa = PBXGroup;
			children = (
				395330A22A7D74F60066F56F /* ControlShow.app */,
			);
			name = Products;
			sourceTree = "<group>";
		};
		395330A42A7D74F60066F56F /* ControlShow */ = {
			isa = PBXGroup;
			children = (
				393FA1252A7E4B8D00C39964 /* Resource */,
				393FA1242A7E480E00C39964 /* HorizontalPickerView */,
				395330A52A7D74F60066F56F /* AppDelegate.swift */,
				395330A72A7D74F60066F56F /* SceneDelegate.swift */,
				395330A92A7D74F60066F56F /* ViewController.swift */,
				395330AB2A7D74F60066F56F /* Main.storyboard */,
				395330AE2A7D74F60066F56F /* Assets.xcassets */,
				395330B02A7D74F60066F56F /* LaunchScreen.storyboard */,
				395330B32A7D74F60066F56F /* Info.plist */,
				395330BB2A7D75590066F56F /* MoreExtension.swift */,
			);
			path = ControlShow;
			sourceTree = "<group>";
		};
/* End PBXGroup section */

/* Begin PBXNativeTarget section */
		395330A12A7D74F60066F56F /* ControlShow */ = {
			isa = PBXNativeTarget;
			buildConfigurationList = 395330B62A7D74F60066F56F /* Build configuration list for PBXNativeTarget "ControlShow" */;
			buildPhases = (
				3953309E2A7D74F60066F56F /* Sources */,
				3953309F2A7D74F60066F56F /* Frameworks */,
				395330A02A7D74F60066F56F /* Resources */,
			);
			buildRules = (
			);
			dependencies = (
			);
			name = ControlShow;
			productName = ControlShow;
			productReference = 395330A22A7D74F60066F56F /* ControlShow.app */;
			productType = "com.apple.product-type.application";
		};
/* End PBXNativeTarget section */

/* Begin PBXProject section */
		3953309A2A7D74F60066F56F /* Project object */ = {
			isa = PBXProject;
			attributes = {
				BuildIndependentTargetsInParallel = 1;
				LastSwiftUpdateCheck = 1430;
				LastUpgradeCheck = 1430;
				TargetAttributes = {
					395330A12A7D74F60066F56F = {
						CreatedOnToolsVersion = 14.3.1;
					};
				};
			};
			buildConfigurationList = 3953309D2A7D74F60066F56F /* Build configuration list for PBXProject "ControlShow" */;
			compatibilityVersion = "Xcode 14.0";
			developmentRegion = en;
			hasScannedForEncodings = 0;
			knownRegions = (
				en,
				Base,
			);
			mainGroup = 395330992A7D74F60066F56F;
			productRefGroup = 395330A32A7D74F60066F56F /* Products */;
			projectDirPath = "";
			projectRoot = "";
			targets = (
				395330A12A7D74F60066F56F /* ControlShow */,
			);
		};
/* End PBXProject section */

/* Begin PBXResourcesBuildPhase section */
		395330A02A7D74F60066F56F /* Resources */ = {
			isa = PBXResourcesBuildPhase;
			buildActionMask = 2147483647;
			files = (
				395330B22A7D74F60066F56F /* LaunchScreen.storyboard in Resources */,
				395330AF2A7D74F60066F56F /* Assets.xcassets in Resources */,
				393FA12B2A7E4C5A00C39964 /* README.md in Resources */,
				395330AD2A7D74F60066F56F /* Main.storyboard in Resources */,
				393FA1272A7E4BA900C39964 /* 屏幕录制2023-08-05 17.16.17.gif in Resources */,
			);
			runOnlyForDeploymentPostprocessing = 0;
		};
/* End PBXResourcesBuildPhase section */

/* Begin PBXSourcesBuildPhase section */
		3953309E2A7D74F60066F56F /* Sources */ = {
			isa = PBXSourcesBuildPhase;
			buildActionMask = 2147483647;
			files = (
				3994C7402A7D78B500156E0B /* HorizontalPickerView.swift in Sources */,
				395330AA2A7D74F60066F56F /* ViewController.swift in Sources */,
				395330BC2A7D75590066F56F /* MoreExtension.swift in Sources */,
				395330A62A7D74F60066F56F /* AppDelegate.swift in Sources */,
				395330A82A7D74F60066F56F /* SceneDelegate.swift in Sources */,
			);
			runOnlyForDeploymentPostprocessing = 0;
		};
/* End PBXSourcesBuildPhase section */

/* Begin PBXVariantGroup section */
		395330AB2A7D74F60066F56F /* Main.storyboard */ = {
			isa = PBXVariantGroup;
			children = (
				395330AC2A7D74F60066F56F /* Base */,
			);
			name = Main.storyboard;
			sourceTree = "<group>";
		};
		395330B02A7D74F60066F56F /* LaunchScreen.storyboard */ = {
			isa = PBXVariantGroup;
			children = (
				395330B12A7D74F60066F56F /* Base */,
			);
			name = LaunchScreen.storyboard;
			sourceTree = "<group>";
		};
/* End PBXVariantGroup section */

/* Begin XCBuildConfiguration section */
		395330B42A7D74F60066F56F /* Debug */ = {
			isa = XCBuildConfiguration;
			buildSettings = {
				ALWAYS_SEARCH_USER_PATHS = NO;
				CLANG_ANALYZER_NONNULL = YES;
				CLANG_ANALYZER_NUMBER_OBJECT_CONVERSION = YES_AGGRESSIVE;
				CLANG_CXX_LANGUAGE_STANDARD = "gnu++20";
				CLANG_ENABLE_MODULES = YES;
				CLANG_ENABLE_OBJC_ARC = YES;
				CLANG_ENABLE_OBJC_WEAK = YES;
				CLANG_WARN_BLOCK_CAPTURE_AUTORELEASING = YES;
				CLANG_WARN_BOOL_CONVERSION = YES;
				CLANG_WARN_COMMA = YES;
				CLANG_WARN_CONSTANT_CONVERSION = YES;
				CLANG_WARN_DEPRECATED_OBJC_IMPLEMENTATIONS = YES;
				CLANG_WARN_DIRECT_OBJC_ISA_USAGE = YES_ERROR;
				CLANG_WARN_DOCUMENTATION_COMMENTS = YES;
				CLANG_WARN_EMPTY_BODY = YES;
				CLANG_WARN_ENUM_CONVERSION = YES;
				CLANG_WARN_INFINITE_RECURSION = YES;
				CLANG_WARN_INT_CONVERSION = YES;
				CLANG_WARN_NON_LITERAL_NULL_CONVERSION = YES;
				CLANG_WARN_OBJC_IMPLICIT_RETAIN_SELF = YES;
				CLANG_WARN_OBJC_LITERAL_CONVERSION = YES;
				CLANG_WARN_OBJC_ROOT_CLASS = YES_ERROR;
				CLANG_WARN_QUOTED_INCLUDE_IN_FRAMEWORK_HEADER = YES;
				CLANG_WARN_RANGE_LOOP_ANALYSIS = YES;
				CLANG_WARN_STRICT_PROTOTYPES = YES;
				CLANG_WARN_SUSPICIOUS_MOVE = YES;
				CLANG_WARN_UNGUARDED_AVAILABILITY = YES_AGGRESSIVE;
				CLANG_WARN_UNREACHABLE_CODE = YES;
				CLANG_WARN__DUPLICATE_METHOD_MATCH = YES;
				COPY_PHASE_STRIP = NO;
				DEBUG_INFORMATION_FORMAT = dwarf;
				ENABLE_STRICT_OBJC_MSGSEND = YES;
				ENABLE_TESTABILITY = YES;
				GCC_C_LANGUAGE_STANDARD = gnu11;
				GCC_DYNAMIC_NO_PIC = NO;
				GCC_NO_COMMON_BLOCKS = YES;
				GCC_OPTIMIZATION_LEVEL = 0;
				GCC_PREPROCESSOR_DEFINITIONS = (
					"DEBUG=1",
					"$(inherited)",
				);
				GCC_WARN_64_TO_32_BIT_CONVERSION = YES;
				GCC_WARN_ABOUT_RETURN_TYPE = YES_ERROR;
				GCC_WARN_UNDECLARED_SELECTOR = YES;
				GCC_WARN_UNINITIALIZED_AUTOS = YES_AGGRESSIVE;
				GCC_WARN_UNUSED_FUNCTION = YES;
				GCC_WARN_UNUSED_VARIABLE = YES;
				IPHONEOS_DEPLOYMENT_TARGET = 13.0;
				MTL_ENABLE_DEBUG_INFO = INCLUDE_SOURCE;
				MTL_FAST_MATH = YES;
				ONLY_ACTIVE_ARCH = YES;
				SDKROOT = iphoneos;
				SWIFT_ACTIVE_COMPILATION_CONDITIONS = DEBUG;
				SWIFT_OPTIMIZATION_LEVEL = "-Onone";
			};
			name = Debug;
		};
		395330B52A7D74F60066F56F /* Release */ = {
			isa = XCBuildConfiguration;
			buildSettings = {
				ALWAYS_SEARCH_USER_PATHS = NO;
				CLANG_ANALYZER_NONNULL = YES;
				CLANG_ANALYZER_NUMBER_OBJECT_CONVERSION = YES_AGGRESSIVE;
				CLANG_CXX_LANGUAGE_STANDARD = "gnu++20";
				CLANG_ENABLE_MODULES = YES;
				CLANG_ENABLE_OBJC_ARC = YES;
				CLANG_ENABLE_OBJC_WEAK = YES;
				CLANG_WARN_BLOCK_CAPTURE_AUTORELEASING = YES;
				CLANG_WARN_BOOL_CONVERSION = YES;
				CLANG_WARN_COMMA = YES;
				CLANG_WARN_CONSTANT_CONVERSION = YES;
				CLANG_WARN_DEPRECATED_OBJC_IMPLEMENTATIONS = YES;
				CLANG_WARN_DIRECT_OBJC_ISA_USAGE = YES_ERROR;
				CLANG_WARN_DOCUMENTATION_COMMENTS = YES;
				CLANG_WARN_EMPTY_BODY = YES;
				CLANG_WARN_ENUM_CONVERSION = YES;
				CLANG_WARN_INFINITE_RECURSION = YES;
				CLANG_WARN_INT_CONVERSION = YES;
				CLANG_WARN_NON_LITERAL_NULL_CONVERSION = YES;
				CLANG_WARN_OBJC_IMPLICIT_RETAIN_SELF = YES;
				CLANG_WARN_OBJC_LITERAL_CONVERSION = YES;
				CLANG_WARN_OBJC_ROOT_CLASS = YES_ERROR;
				CLANG_WARN_QUOTED_INCLUDE_IN_FRAMEWORK_HEADER = YES;
				CLANG_WARN_RANGE_LOOP_ANALYSIS = YES;
				CLANG_WARN_STRICT_PROTOTYPES = YES;
				CLANG_WARN_SUSPICIOUS_MOVE = YES;
				CLANG_WARN_UNGUARDED_AVAILABILITY = YES_AGGRESSIVE;
				CLANG_WARN_UNREACHABLE_CODE = YES;
				CLANG_WARN__DUPLICATE_METHOD_MATCH = YES;
				COPY_PHASE_STRIP = NO;
				DEBUG_INFORMATION_FORMAT = "dwarf-with-dsym";
				ENABLE_NS_ASSERTIONS = NO;
				ENABLE_STRICT_OBJC_MSGSEND = YES;
				GCC_C_LANGUAGE_STANDARD = gnu11;
				GCC_NO_COMMON_BLOCKS = YES;
				GCC_WARN_64_TO_32_BIT_CONVERSION = YES;
				GCC_WARN_ABOUT_RETURN_TYPE = YES_ERROR;
				GCC_WARN_UNDECLARED_SELECTOR = YES;
				GCC_WARN_UNINITIALIZED_AUTOS = YES_AGGRESSIVE;
				GCC_WARN_UNUSED_FUNCTION = YES;
				GCC_WARN_UNUSED_VARIABLE = YES;
				IPHONEOS_DEPLOYMENT_TARGET = 13.0;
				MTL_ENABLE_DEBUG_INFO = NO;
				MTL_FAST_MATH = YES;
				SDKROOT = iphoneos;
				SWIFT_COMPILATION_MODE = wholemodule;
				SWIFT_OPTIMIZATION_LEVEL = "-O";
				VALIDATE_PRODUCT = YES;
			};
			name = Release;
		};
		395330B72A7D74F60066F56F /* Debug */ = {
			isa = XCBuildConfiguration;
			buildSettings = {
				ASSETCATALOG_COMPILER_APPICON_NAME = AppIcon;
				ASSETCATALOG_COMPILER_GLOBAL_ACCENT_COLOR_NAME = AccentColor;
				CODE_SIGN_STYLE = Automatic;
				CURRENT_PROJECT_VERSION = 1;
				DEVELOPMENT_TEAM = C6TTF7VT5L;
				GENERATE_INFOPLIST_FILE = YES;
				INFOPLIST_FILE = ControlShow/Info.plist;
				INFOPLIST_KEY_UIApplicationSupportsIndirectInputEvents = YES;
				INFOPLIST_KEY_UILaunchStoryboardName = LaunchScreen;
				INFOPLIST_KEY_UIMainStoryboardFile = Main;
				INFOPLIST_KEY_UISupportedInterfaceOrientations_iPad = "UIInterfaceOrientationPortrait UIInterfaceOrientationPortraitUpsideDown UIInterfaceOrientationLandscapeLeft UIInterfaceOrientationLandscapeRight";
				INFOPLIST_KEY_UISupportedInterfaceOrientations_iPhone = "UIInterfaceOrientationPortrait UIInterfaceOrientationLandscapeLeft UIInterfaceOrientationLandscapeRight";
				IPHONEOS_DEPLOYMENT_TARGET = 13.0;
				LD_RUNPATH_SEARCH_PATHS = (
					"$(inherited)",
					"@executable_path/Frameworks",
				);
				MARKETING_VERSION = 1.0;
				PRODUCT_BUNDLE_IDENTIFIER = com.HowardExplore.ControlShow;
				PRODUCT_NAME = "$(TARGET_NAME)";
				SWIFT_EMIT_LOC_STRINGS = YES;
				SWIFT_VERSION = 5.0;
				TARGETED_DEVICE_FAMILY = "1,2";
			};
			name = Debug;
		};
		395330B82A7D74F60066F56F /* Release */ = {
			isa = XCBuildConfiguration;
			buildSettings = {
				ASSETCATALOG_COMPILER_APPICON_NAME = AppIcon;
				ASSETCATALOG_COMPILER_GLOBAL_ACCENT_COLOR_NAME = AccentColor;
				CODE_SIGN_STYLE = Automatic;
				CURRENT_PROJECT_VERSION = 1;
				DEVELOPMENT_TEAM = C6TTF7VT5L;
				GENERATE_INFOPLIST_FILE = YES;
				INFOPLIST_FILE = ControlShow/Info.plist;
				INFOPLIST_KEY_UIApplicationSupportsIndirectInputEvents = YES;
				INFOPLIST_KEY_UILaunchStoryboardName = LaunchScreen;
				INFOPLIST_KEY_UIMainStoryboardFile = Main;
				INFOPLIST_KEY_UISupportedInterfaceOrientations_iPad = "UIInterfaceOrientationPortrait UIInterfaceOrientationPortraitUpsideDown UIInterfaceOrientationLandscapeLeft UIInterfaceOrientationLandscapeRight";
				INFOPLIST_KEY_UISupportedInterfaceOrientations_iPhone = "UIInterfaceOrientationPortrait UIInterfaceOrientationLandscapeLeft UIInterfaceOrientationLandscapeRight";
				IPHONEOS_DEPLOYMENT_TARGET = 13.0;
				LD_RUNPATH_SEARCH_PATHS = (
					"$(inherited)",
					"@executable_path/Frameworks",
				);
				MARKETING_VERSION = 1.0;
				PRODUCT_BUNDLE_IDENTIFIER = com.HowardExplore.ControlShow;
				PRODUCT_NAME = "$(TARGET_NAME)";
				SWIFT_EMIT_LOC_STRINGS = YES;
				SWIFT_VERSION = 5.0;
				TARGETED_DEVICE_FAMILY = "1,2";
			};
			name = Release;
		};
/* End XCBuildConfiguration section */

/* Begin XCConfigurationList section */
		3953309D2A7D74F60066F56F /* Build configuration list for PBXProject "ControlShow" */ = {
			isa = XCConfigurationList;
			buildConfigurations = (
				395330B42A7D74F60066F56F /* Debug */,
				395330B52A7D74F60066F56F /* Release */,
			);
			defaultConfigurationIsVisible = 0;
			defaultConfigurationName = Release;
		};
		395330B62A7D74F60066F56F /* Build configuration list for PBXNativeTarget "ControlShow" */ = {
			isa = XCConfigurationList;
			buildConfigurations = (
				395330B72A7D74F60066F56F /* Debug */,
				395330B82A7D74F60066F56F /* Release */,
			);
			defaultConfigurationIsVisible = 0;
			defaultConfigurationName = Release;
		};
/* End XCConfigurationList section */
	};
	rootObject = 3953309A2A7D74F60066F56F /* Project object */;
}
